# This file is automatically @generated by Cargo.
# It is not intended for manual editing.
version = 4

[[package]]
name = "crcbl"
version = "0.1.0"

[[package]]
name = "crcbl-audio"
version = "0.1.0"

[[package]]
name = "crcbl-cli"
version = "0.1.0"

[[package]]
name = "crcbl-core"
version = "0.1.0"

[[package]]
name = "crcbl-ecs"
version = "0.1.0"

[[package]]
name = "crcbl-hal"
version = "0.1.0"

[[package]]
name = "crcbl-net"
version = "0.1.0"

[[package]]
name = "crcbl-phys"
version = "0.1.0"

[[package]]
name = "crcbl-render"
version = "0.1.0"

[[package]]
name = "crcbl-scene"
version = "0.1.0"

[[package]]
name = "crcbl-shell"
version = "0.1.0"

[[package]]
name = "crcbl-store"
version = "0.1.0"

[[package]]
name = "crcbl-ui"
version = "0.1.0"

[[package]]
name = "crcbl-vk"
version = "0.1.0"

[[package]]
name = "sandbox"
version = "0.1.0"
